{
    "_readme": [
        "This file locks the dependencies of your project to a known state",
        "Read more about it at https://getcomposer.org/doc/01-basic-usage.md#composer-lock-the-lock-file",
        "This file is @generated automatically"
    ],
    "content-hash": "3e193222bfc4ca46f5b59a95a7bcdd5a",
    "packages": [
        {
            "name": "composer/installers",
            "version": "v1.6.0",
            "source": {
                "type": "git",
                "url": "https://github.com/composer/installers.git",
                "reference": "cfcca6b1b60bc4974324efb5783c13dca6932b5b"
            },
            "dist": {
                "type": "zip",
                "url": "https://api.github.com/repos/composer/installers/zipball/cfcca6b1b60bc4974324efb5783c13dca6932b5b",
                "reference": "cfcca6b1b60bc4974324efb5783c13dca6932b5b",
                "shasum": ""
            },
            "require": {
                "composer-plugin-api": "^1.0"
            },
            "replace": {
                "roundcube/plugin-installer": "*",
                "shama/baton": "*"
            },
            "require-dev": {
                "composer/composer": "1.0.*@dev",
                "phpunit/phpunit": "^4.8.36"
            },
            "type": "composer-plugin",
            "extra": {
                "class": "Composer\\Installers\\Plugin",
                "branch-alias": {
                    "dev-master": "1.0-dev"
                }
            },
            "autoload": {
                "psr-4": {
                    "Composer\\Installers\\": "src/Composer/Installers"
                }
            },
            "notification-url": "https://packagist.org/downloads/",
            "license": [
                "MIT"
            ],
            "authors": [
                {
                    "name": "Kyle Robinson Young",
                    "email": "kyle@dontkry.com",
                    "homepage": "https://github.com/shama"
                }
            ],
            "description": "A multi-framework Composer library installer",
            "homepage": "https://composer.github.io/installers/",
            "keywords": [
                "Craft",
                "Dolibarr",
                "Eliasis",
                "Hurad",
                "ImageCMS",
                "Kanboard",
                "Lan Management System",
                "MODX Evo",
                "Mautic",
                "Maya",
                "OXID",
                "Plentymarkets",
                "Porto",
                "RadPHP",
                "SMF",
                "Thelia",
                "WolfCMS",
                "agl",
                "aimeos",
                "annotatecms",
                "attogram",
                "bitrix",
                "cakephp",
                "chef",
                "cockpit",
                "codeigniter",
                "concrete5",
                "croogo",
                "dokuwiki",
                "drupal",
                "eZ Platform",
                "elgg",
                "expressionengine",
                "fuelphp",
                "grav",
                "installer",
                "itop",
                "joomla",
                "kohana",
                "laravel",
                "lavalite",
                "lithium",
                "magento",
                "majima",
                "mako",
                "mediawiki",
                "modulework",
                "modx",
                "moodle",
                "osclass",
                "phpbb",
                "piwik",
                "ppi",
                "puppet",
                "pxcms",
                "reindex",
                "roundcube",
                "shopware",
                "silverstripe",
                "sydes",
                "symfony",
                "typo3",
                "wordpress",
                "yawik",
                "zend",
                "zikula"
            ],
            "time": "2018-08-27T06:10:37+00:00"
        },
        {
            "name": "numbers/backend",
            "version": "2.0.8",
            "source": {
                "type": "git",
                "url": "https://github.com/volodymyr-volynets/backend.git",
                "reference": "405333967be6c0a82dc49cd07424b07751f5f46d"
            },
            "dist": {
                "type": "zip",
                "url": "https://api.github.com/repos/volodymyr-volynets/backend/zipball/405333967be6c0a82dc49cd07424b07751f5f46d",
                "reference": "405333967be6c0a82dc49cd07424b07751f5f46d",
                "shasum": ""
            },
            "require": {
                "oomphinc/composer-installers-extender": "~1.0",
                "php": ">=7.0.0"
            },
            "type": "library",
            "extra": {
                "installer-types": [
                    "library"
                ],
                "installer-paths": {
                    "vendor/Numbers/Backend/": [
                        "numbers/backend"
                    ]
                }
            },
            "autoload": {
                "psr-4": {
                    "Numbers\\Backend\\": ""
                }
            },
            "notification-url": "https://packagist.org/downloads/",
            "license": [
                "Apache-2.0"
            ],
            "authors": [
                {
                    "name": "Volodymyr Volynets",
                    "email": "volodymyr.volynets@gmail.com"
                }
            ],
            "description": "Backend modules for Numbers Framework",
            "time": "2018-09-26T19:08:20+00:00"
        },
        {
            "name": "numbers/countries",
            "version": "2.0.2",
            "source": {
                "type": "git",
                "url": "https://github.com/volodymyr-volynets/countries.git",
                "reference": "6452cb87142a8b43d43b38bb18dd4face2a1b118"
            },
            "dist": {
                "type": "zip",
                "url": "https://api.github.com/repos/volodymyr-volynets/countries/zipball/6452cb87142a8b43d43b38bb18dd4face2a1b118",
                "reference": "6452cb87142a8b43d43b38bb18dd4face2a1b118",
                "shasum": ""
            },
            "require": {
                "oomphinc/composer-installers-extender": "~1.0",
                "php": ">=7.0.0"
            },
            "type": "library",
            "extra": {
                "installer-types": [
                    "library"
                ],
                "installer-paths": {
                    "vendor/Numbers/Countries/": [
                        "numbers/countries"
                    ]
                }
            },
            "autoload": {
                "psr-4": {
                    "Numbers\\Countries\\": ""
                }
            },
            "notification-url": "https://packagist.org/downloads/",
            "license": [
                "Apache-2.0"
            ],
            "authors": [
                {
                    "name": "Volodymyr Volynets",
                    "email": "volodymyr.volynets@gmail.com"
                }
            ],
            "description": "Country Management module for Numbers Framework",
            "time": "2018-09-26T02:12:57+00:00"
        },
        {
            "name": "numbers/framework",
            "version": "2.0.8",
            "source": {
                "type": "git",
                "url": "https://github.com/volodymyr-volynets/framework.git",
                "reference": "a054aa45a9e77f9b466871f406dc0c74c0cec355"
            },
            "dist": {
                "type": "zip",
                "url": "https://api.github.com/repos/volodymyr-volynets/framework/zipball/a054aa45a9e77f9b466871f406dc0c74c0cec355",
                "reference": "a054aa45a9e77f9b466871f406dc0c74c0cec355",
                "shasum": ""
            },
            "require": {
                "oomphinc/composer-installers-extender": "~1.0",
                "php": ">=7.0.0"
            },
            "type": "library",
            "extra": {
                "installer-types": [
                    "library"
                ],
                "installer-paths": {
                    "vendor/Numbers/Framework/": [
                        "numbers/framework"
                    ]
                }
            },
            "notification-url": "https://packagist.org/downloads/",
            "license": [
                "Apache-2.0"
            ],
            "authors": [
                {
                    "name": "Volodymyr Volynets",
                    "email": "volodymyr.volynets@gmail.com"
                }
            ],
            "description": "Lightweight MVC PHP Framework",
            "time": "2018-09-26T15:56:57+00:00"
        },
        {
            "name": "numbers/frontend",
            "version": "2.0.3",
            "source": {
                "type": "git",
                "url": "https://github.com/volodymyr-volynets/frontend.git",
                "reference": "b0bd43d8050336021a2c4a53516d4d2941252f99"
            },
            "dist": {
                "type": "zip",
                "url": "https://api.github.com/repos/volodymyr-volynets/frontend/zipball/b0bd43d8050336021a2c4a53516d4d2941252f99",
                "reference": "b0bd43d8050336021a2c4a53516d4d2941252f99",
                "shasum": ""
            },
            "require": {
                "oomphinc/composer-installers-extender": "~1.0",
                "php": ">=7.0.0"
            },
            "type": "library",
            "extra": {
                "installer-types": [
                    "library"
                ],
                "installer-paths": {
                    "vendor/Numbers/Frontend/": [
                        "numbers/frontend"
                    ]
                }
            },
            "autoload": {
                "psr-4": {
                    "Numbers\\Frontend\\": ""
                }
            },
            "notification-url": "https://packagist.org/downloads/",
            "license": [
                "Apache-2.0"
            ],
            "authors": [
                {
                    "name": "Volodymyr Volynets",
                    "email": "volodymyr.volynets@gmail.com"
                }
            ],
            "description": "Frontend modules for Numbers Framework",
            "time": "2018-09-26T02:01:36+00:00"
        },
        {
            "name": "numbers/internalization",
            "version": "2.0.2",
            "source": {
                "type": "git",
                "url": "https://github.com/volodymyr-volynets/internalization.git",
                "reference": "fec6447f66fff4829c492a804e29e857cb84cfaf"
            },
            "dist": {
                "type": "zip",
                "url": "https://api.github.com/repos/volodymyr-volynets/internalization/zipball/fec6447f66fff4829c492a804e29e857cb84cfaf",
                "reference": "fec6447f66fff4829c492a804e29e857cb84cfaf",
                "shasum": ""
            },
            "require": {
                "oomphinc/composer-installers-extender": "~1.0",
                "php": ">=7.0.0"
            },
            "type": "library",
            "extra": {
                "installer-types": [
                    "library"
                ],
                "installer-paths": {
                    "vendor/Numbers/Internalization/": [
                        "numbers/internalization"
                    ]
                }
            },
            "autoload": {
                "psr-4": {
                    "Numbers\\Internalization\\": ""
                }
            },
            "notification-url": "https://packagist.org/downloads/",
            "license": [
                "Apache-2.0"
            ],
            "authors": [
                {
                    "name": "Volodymyr Volynets",
                    "email": "volodymyr.volynets@gmail.com"
                }
            ],
            "description": "Internalization module for Numbers Framework",
            "time": "2018-09-26T01:59:05+00:00"
        },
        {
            "name": "numbers/tenants",
            "version": "2.0.2",
            "source": {
                "type": "git",
                "url": "https://github.com/volodymyr-volynets/tenants.git",
                "reference": "528d7a89c5121748a9b375c0b80abe084688297b"
            },
            "dist": {
                "type": "zip",
                "url": "https://api.github.com/repos/volodymyr-volynets/tenants/zipball/528d7a89c5121748a9b375c0b80abe084688297b",
                "reference": "528d7a89c5121748a9b375c0b80abe084688297b",
                "shasum": ""
            },
            "require": {
                "oomphinc/composer-installers-extender": "~1.0",
                "php": ">=7.0.0"
            },
            "type": "library",
            "extra": {
                "installer-types": [
                    "library"
                ],
                "installer-paths": {
                    "vendor/Numbers/Tenants/": [
                        "numbers/tenants"
                    ]
                }
            },
            "autoload": {
                "psr-4": {
                    "Numbers\\Tenants\\": ""
                }
            },
            "notification-url": "https://packagist.org/downloads/",
            "license": [
                "Apache-2.0"
            ],
            "authors": [
                {
                    "name": "Volodymyr Volynets",
                    "email": "volodymyr.volynets@gmail.com"
                }
            ],
            "description": "Tenant module for Numbers Framework",
            "time": "2018-09-26T01:56:49+00:00"
        },
        {
            "name": "numbers/users",
            "version": "2.0.7",
            "source": {
                "type": "git",
                "url": "https://github.com/volodymyr-volynets/users.git",
                "reference": "1f166c77bd1a26ba9f1f6b75e620a87c7d9bec62"
            },
            "dist": {
                "type": "zip",
                "url": "https://api.github.com/repos/volodymyr-volynets/users/zipball/1f166c77bd1a26ba9f1f6b75e620a87c7d9bec62",
                "reference": "1f166c77bd1a26ba9f1f6b75e620a87c7d9bec62",
                "shasum": ""
            },
            "require": {
                "oomphinc/composer-installers-extender": "~1.0",
                "php": ">=7.0.0"
            },
            "type": "library",
            "extra": {
                "installer-types": [
                    "library"
                ],
                "installer-paths": {
                    "vendor/Numbers/Users/": [
                        "numbers/users"
                    ]
                }
            },
            "autoload": {
                "psr-4": {
                    "Numbers\\Users\\": ""
                }
            },
            "notification-url": "https://packagist.org/downloads/",
            "license": [
                "Apache-2.0"
            ],
            "authors": [
                {
                    "name": "Volodymyr Volynets",
                    "email": "volodymyr.volynets@gmail.com"
                }
            ],
            "description": "User module for Numbers Framework",
            "time": "2018-09-26T01:52:47+00:00"
        },
        {
            "name": "oomphinc/composer-installers-extender",
            "version": "v1.1.2",
            "source": {
                "type": "git",
                "url": "https://github.com/oomphinc/composer-installers-extender.git",
                "reference": "ca1c4b16b0905c81d1e77e608f36a2eff1a56f56"
            },
            "dist": {
                "type": "zip",
                "url": "https://api.github.com/repos/oomphinc/composer-installers-extender/zipball/ca1c4b16b0905c81d1e77e608f36a2eff1a56f56",
                "reference": "ca1c4b16b0905c81d1e77e608f36a2eff1a56f56",
                "shasum": ""
            },
            "require": {
                "composer-plugin-api": "^1.0",
                "composer/installers": "^1.0"
            },
            "type": "composer-plugin",
            "extra": {
                "class": "OomphInc\\ComposerInstallersExtender\\Plugin"
            },
            "autoload": {
                "psr-4": {
                    "OomphInc\\ComposerInstallersExtender\\": "src/"
                }
            },
            "notification-url": "https://packagist.org/downloads/",
            "license": [
                "MIT"
            ],
            "authors": [
                {
                    "name": "Stephen Beemsterboer",
                    "email": "stephen@oomphinc.com",
                    "homepage": "https://github.com/balbuf"
                }
            ],
            "description": "Extend the composer/installers plugin to accept any arbitrary package type.",
            "homepage": "http://www.oomphinc.com/",
            "time": "2017-03-31T16:57:39+00:00"
        },
        {
            "name": "phpmailer/phpmailer",
            "version": "v6.0.5",
            "source": {
                "type": "git",
                "url": "https://github.com/PHPMailer/PHPMailer.git",
                "reference": "cb3ea134d4d3729e7857737d5f320cce9caf4d32"
            },
            "dist": {
                "type": "zip",
                "url": "https://api.github.com/repos/PHPMailer/PHPMailer/zipball/cb3ea134d4d3729e7857737d5f320cce9caf4d32",
                "reference": "cb3ea134d4d3729e7857737d5f320cce9caf4d32",
                "shasum": ""
            },
            "require": {
                "ext-ctype": "*",
                "ext-filter": "*",
                "php": ">=5.5.0"
            },
            "require-dev": {
                "doctrine/annotations": "1.2.*",
                "friendsofphp/php-cs-fixer": "^2.2",
                "phpdocumentor/phpdocumentor": "2.*",
                "phpunit/phpunit": "^4.8 || ^5.7",
                "zendframework/zend-eventmanager": "3.0.*",
                "zendframework/zend-i18n": "2.7.3",
                "zendframework/zend-serializer": "2.7.*"
            },
            "suggest": {
                "ext-mbstring": "Needed to send email in multibyte encoding charset",
                "hayageek/oauth2-yahoo": "Needed for Yahoo XOAUTH2 authentication",
                "league/oauth2-google": "Needed for Google XOAUTH2 authentication",
                "psr/log": "For optional PSR-3 debug logging",
                "stevenmaguire/oauth2-microsoft": "Needed for Microsoft XOAUTH2 authentication",
                "symfony/polyfill-mbstring": "To support UTF-8 if the Mbstring PHP extension is not enabled (^1.2)"
            },
            "type": "library",
            "autoload": {
                "psr-4": {
                    "PHPMailer\\PHPMailer\\": "src/"
                }
            },
            "notification-url": "https://packagist.org/downloads/",
            "license": [
                "LGPL-2.1"
            ],
            "authors": [
                {
                    "name": "Jim Jagielski",
                    "email": "jimjag@gmail.com"
                },
                {
                    "name": "Marcus Bointon",
                    "email": "phpmailer@synchromedia.co.uk"
                },
                {
                    "name": "Andy Prevost",
                    "email": "codeworxtech@users.sourceforge.net"
                },
                {
                    "name": "Brent R. Matzelle"
                }
            ],
            "description": "PHPMailer is a full-featured email creation and transfer class for PHP",
            "time": "2018-03-27T13:49:45+00:00"
        },
        {
            "name": "tecnickcom/tcpdf",
            "version": "6.2.13",
            "source": {
                "type": "git",
                "url": "https://github.com/tecnickcom/TCPDF.git",
                "reference": "95c5938aafe4b20df1454dbddb3e5005c0b26f64"
            },
            "dist": {
                "type": "zip",
                "url": "https://api.github.com/repos/tecnickcom/TCPDF/zipball/95c5938aafe4b20df1454dbddb3e5005c0b26f64",
                "reference": "95c5938aafe4b20df1454dbddb3e5005c0b26f64",
                "shasum": ""
            },
            "require": {
                "php": ">=5.3.0"
            },
            "type": "library",
            "autoload": {
                "classmap": [
                    "config",
                    "include",
                    "tcpdf.php",
                    "tcpdf_parser.php",
                    "tcpdf_import.php",
                    "tcpdf_barcodes_1d.php",
                    "tcpdf_barcodes_2d.php",
                    "include/tcpdf_colors.php",
                    "include/tcpdf_filters.php",
                    "include/tcpdf_font_data.php",
                    "include/tcpdf_fonts.php",
                    "include/tcpdf_images.php",
                    "include/tcpdf_static.php",
                    "include/barcodes/datamatrix.php",
                    "include/barcodes/pdf417.php",
                    "include/barcodes/qrcode.php"
                ]
            },
            "notification-url": "https://packagist.org/downloads/",
            "license": [
                "LGPLv3"
            ],
            "authors": [
                {
                    "name": "Nicola Asuni",
                    "email": "info@tecnick.com",
                    "homepage": "http://nicolaasuni.tecnick.com"
                }
            ],
            "description": "TCPDF is a PHP class for generating PDF documents and barcodes.",
            "homepage": "http://www.tcpdf.org/",
            "keywords": [
                "PDFD32000-2008",
                "TCPDF",
                "barcodes",
                "datamatrix",
                "pdf",
                "pdf417",
                "qrcode"
            ],
            "time": "2017-04-26T08:14:48+00:00"
        }
    ],
    "packages-dev": [],
    "aliases": [],
    "minimum-stability": "stable",
    "stability-flags": [],
    "prefer-stable": false,
    "prefer-lowest": false,
    "platform": [],
    "platform-dev": []
}
